
Microsoft Visual Studio Solution File, Format Version 12.00
# Visual Studio Version 17
VisualStudioVersion = 17.4.33110.190
MinimumVisualStudioVersion = 10.0.40219.1
Project("{9A19103F-16F7-4668-BE54-9A1E7A4F7556}") = "M02_Controls", "Controls\M02_Controls.csproj", "{1AD796FE-1038-4D11-9FF2-C5DBAC6326F9}"
EndProject
Project("{9A19103F-16F7-4668-BE54-9A1E7A4F7556}") = "M01_Grundlagen", "Grundlagen\M01_Grundlagen.csproj", "{58F92073-4D33-4450-B1F0-A8C768C7C0CC}"
EndProject
Project("{9A19103F-16F7-4668-BE54-9A1E7A4F7556}") = "Personendatenbank", "Personendatenbank\Personendatenbank.csproj", "{009E4818-6A2D-4CB9-9BFB-B819256C22BE}"
EndProject
Project("{9A19103F-16F7-4668-BE54-9A1E7A4F7556}") = "M03_Container", "Container\M03_Container.csproj", "{10397FE7-EBF9-4013-ACF0-F553B17C051B}"
EndProject
Project("{9A19103F-16F7-4668-BE54-9A1E7A4F7556}") = "M04_EventRouting", "EventRouting\M04_EventRouting.csproj", "{10E5A09A-682A-4FE9-BF44-CD8580ED4334}"
EndProject
Project("{9A19103F-16F7-4668-BE54-9A1E7A4F7556}") = "M05_PropertyBindings", "PropertyBindings\M05_PropertyBindings.csproj", "{751C3EE7-0453-4C58-B075-41A461AA3CD1}"
EndProject
Project("{9A19103F-16F7-4668-BE54-9A1E7A4F7556}") = "ColorPicker", "ColorPicker\ColorPicker.csproj", "{6ABDF9B6-69FF-425D-896C-ABF6AF777C9C}"
EndProject
Project("{9A19103F-16F7-4668-BE54-9A1E7A4F7556}") = "M06_DataBinding", "DataBinding\M06_DataBinding.csproj", "{44E38CA8-2505-46B2-8FEF-4CEE6308FEAC}"
EndProject
Project("{9A19103F-16F7-4668-BE54-9A1E7A4F7556}") = "M07_Resources_Styles", "Resources_Styles\M07_Resources_Styles.csproj", "{2B0E0F1C-F2ED-4BC3-8BD4-AC821340FE92}"
EndProject
Project("{9A19103F-16F7-4668-BE54-9A1E7A4F7556}") = "M08_Templates", "Templates\M08_Templates.csproj", "{B733ADF9-6F93-42FF-B3E7-721F039E6B98}"
EndProject
Project("{FAE04EC0-301F-11D3-BF4B-00C04F79EFBC}") = "Validation", "Validation\Validation.csproj", "{E1EC01F0-8E95-4FB8-AE57-69015240E567}"
EndProject
Global
	GlobalSection(SolutionConfigurationPlatforms) = preSolution
		Debug|Any CPU = Debug|Any CPU
		Release|Any CPU = Release|Any CPU
	EndGlobalSection
	GlobalSection(ProjectConfigurationPlatforms) = postSolution
		{1AD796FE-1038-4D11-9FF2-C5DBAC6326F9}.Debug|Any CPU.ActiveCfg = Debug|Any CPU
		{1AD796FE-1038-4D11-9FF2-C5DBAC6326F9}.Debug|Any CPU.Build.0 = Debug|Any CPU
		{1AD796FE-1038-4D11-9FF2-C5DBAC6326F9}.Release|Any CPU.ActiveCfg = Release|Any CPU
		{1AD796FE-1038-4D11-9FF2-C5DBAC6326F9}.Release|Any CPU.Build.0 = Release|Any CPU
		{58F92073-4D33-4450-B1F0-A8C768C7C0CC}.Debug|Any CPU.ActiveCfg = Debug|Any CPU
		{58F92073-4D33-4450-B1F0-A8C768C7C0CC}.Debug|Any CPU.Build.0 = Debug|Any CPU
		{58F92073-4D33-4450-B1F0-A8C768C7C0CC}.Release|Any CPU.ActiveCfg = Release|Any CPU
		{58F92073-4D33-4450-B1F0-A8C768C7C0CC}.Release|Any CPU.Build.0 = Release|Any CPU
		{009E4818-6A2D-4CB9-9BFB-B819256C22BE}.Debug|Any CPU.ActiveCfg = Debug|Any CPU
		{009E4818-6A2D-4CB9-9BFB-B819256C22BE}.Debug|Any CPU.Build.0 = Debug|Any CPU
		{009E4818-6A2D-4CB9-9BFB-B819256C22BE}.Release|Any CPU.ActiveCfg = Release|Any CPU
		{009E4818-6A2D-4CB9-9BFB-B819256C22BE}.Release|Any CPU.Build.0 = Release|Any CPU
		{10397FE7-EBF9-4013-ACF0-F553B17C051B}.Debug|Any CPU.ActiveCfg = Debug|Any CPU
		{10397FE7-EBF9-4013-ACF0-F553B17C051B}.Debug|Any CPU.Build.0 = Debug|Any CPU
		{10397FE7-EBF9-4013-ACF0-F553B17C051B}.Release|Any CPU.ActiveCfg = Release|Any CPU
		{10397FE7-EBF9-4013-ACF0-F553B17C051B}.Release|Any CPU.Build.0 = Release|Any CPU
		{10E5A09A-682A-4FE9-BF44-CD8580ED4334}.Debug|Any CPU.ActiveCfg = Debug|Any CPU
		{10E5A09A-682A-4FE9-BF44-CD8580ED4334}.Debug|Any CPU.Build.0 = Debug|Any CPU
		{10E5A09A-682A-4FE9-BF44-CD8580ED4334}.Release|Any CPU.ActiveCfg = Release|Any CPU
		{10E5A09A-682A-4FE9-BF44-CD8580ED4334}.Release|Any CPU.Build.0 = Release|Any CPU
		{751C3EE7-0453-4C58-B075-41A461AA3CD1}.Debug|Any CPU.ActiveCfg = Debug|Any CPU
		{751C3EE7-0453-4C58-B075-41A461AA3CD1}.Debug|Any CPU.Build.0 = Debug|Any CPU
		{751C3EE7-0453-4C58-B075-41A461AA3CD1}.Release|Any CPU.ActiveCfg = Release|Any CPU
		{751C3EE7-0453-4C58-B075-41A461AA3CD1}.Release|Any CPU.Build.0 = Release|Any CPU
		{6ABDF9B6-69FF-425D-896C-ABF6AF777C9C}.Debug|Any CPU.ActiveCfg = Debug|Any CPU
		{6ABDF9B6-69FF-425D-896C-ABF6AF777C9C}.Debug|Any CPU.Build.0 = Debug|Any CPU
		{6ABDF9B6-69FF-425D-896C-ABF6AF777C9C}.Release|Any CPU.ActiveCfg = Release|Any CPU
		{6ABDF9B6-69FF-425D-896C-ABF6AF777C9C}.Release|Any CPU.Build.0 = Release|Any CPU
		{44E38CA8-2505-46B2-8FEF-4CEE6308FEAC}.Debug|Any CPU.ActiveCfg = Debug|Any CPU
		{44E38CA8-2505-46B2-8FEF-4CEE6308FEAC}.Debug|Any CPU.Build.0 = Debug|Any CPU
		{44E38CA8-2505-46B2-8FEF-4CEE6308FEAC}.Release|Any CPU.ActiveCfg = Release|Any CPU
		{44E38CA8-2505-46B2-8FEF-4CEE6308FEAC}.Release|Any CPU.Build.0 = Release|Any CPU
		{2B0E0F1C-F2ED-4BC3-8BD4-AC821340FE92}.Debug|Any CPU.ActiveCfg = Debug|Any CPU
		{2B0E0F1C-F2ED-4BC3-8BD4-AC821340FE92}.Debug|Any CPU.Build.0 = Debug|Any CPU
		{2B0E0F1C-F2ED-4BC3-8BD4-AC821340FE92}.Release|Any CPU.ActiveCfg = Release|Any CPU
		{2B0E0F1C-F2ED-4BC3-8BD4-AC821340FE92}.Release|Any CPU.Build.0 = Release|Any CPU
		{B733ADF9-6F93-42FF-B3E7-721F039E6B98}.Debug|Any CPU.ActiveCfg = Debug|Any CPU
		{B733ADF9-6F93-42FF-B3E7-721F039E6B98}.Debug|Any CPU.Build.0 = Debug|Any CPU
		{B733ADF9-6F93-42FF-B3E7-721F039E6B98}.Release|Any CPU.ActiveCfg = Release|Any CPU
		{B733ADF9-6F93-42FF-B3E7-721F039E6B98}.Release|Any CPU.Build.0 = Release|Any CPU
		{E1EC01F0-8E95-4FB8-AE57-69015240E567}.Debug|Any CPU.ActiveCfg = Debug|Any CPU
		{E1EC01F0-8E95-4FB8-AE57-69015240E567}.Debug|Any CPU.Build.0 = Debug|Any CPU
		{E1EC01F0-8E95-4FB8-AE57-69015240E567}.Release|Any CPU.ActiveCfg = Release|Any CPU
		{E1EC01F0-8E95-4FB8-AE57-69015240E567}.Release|Any CPU.Build.0 = Release|Any CPU
	EndGlobalSection
	GlobalSection(SolutionProperties) = preSolution
		HideSolutionNode = FALSE
	EndGlobalSection
	GlobalSection(ExtensibilityGlobals) = postSolution
		SolutionGuid = {035AFF28-96C7-4D74-847A-EF2E6C0237E3}
	EndGlobalSection
EndGlobal
